
Microsoft Visual Studio Solution File, Format Version 12.00
# Visual Studio Version 17
VisualStudioVersion = 17.4.33403.182
MinimumVisualStudioVersion = 10.0.40219.1
Project("{9A19103F-16F7-4668-BE54-9A1E7A4F7556}") = "ClimbThePeaks", "ClimbThePeaks.csproj", "{B7FE741C-CDAE-4333-92B6-213DD5028656}"
EndProject
Global
	GlobalSection(SolutionConfigurationPlatforms) = preSolution
		Debug|Any CPU = Debug|Any CPU
		Release|Any CPU = Release|Any CPU
	EndGlobalSection
	GlobalSection(ProjectConfigurationPlatforms) = postSolution
		{B7FE741C-CDAE-4333-92B6-213DD5028656}.Debug|Any CPU.ActiveCfg = Debug|Any CPU
		{B7FE741C-CDAE-4333-92B6-213DD5028656}.Debug|Any CPU.Build.0 = Debug|Any CPU
		{B7FE741C-CDAE-4333-92B6-213DD5028656}.Release|Any CPU.ActiveCfg = Release|Any CPU
		{B7FE741C-CDAE-4333-92B6-213DD5028656}.Release|Any CPU.Build.0 = Release|Any CPU
	EndGlobalSection
	GlobalSection(SolutionProperties) = preSolution
		HideSolutionNode = FALSE
	EndGlobalSection
	GlobalSection(ExtensibilityGlobals) = postSolution
		SolutionGuid = {97F09871-9ACF-4701-A4B9-BDA18977CBE9}
	EndGlobalSection
EndGlobal
